
Microsoft Visual Studio Solution File, Format Version 12.00
Project("{FAE04EC0-301F-11D3-BF4B-00C04F79EFBC}") = "DotnetCoreTest", "DotnetCoreTest\DotnetCoreTest.csproj", "{30D26215-1EB0-40BB-9126-6305B389EA10}"
EndProject
Global
	GlobalSection(SolutionConfigurationPlatforms) = preSolution
		Debug|Any CPU = Debug|Any CPU
		Release|Any CPU = Release|Any CPU
	EndGlobalSection
	GlobalSection(ProjectConfigurationPlatforms) = postSolution
		{30D26215-1EB0-40BB-9126-6305B389EA10}.Debug|Any CPU.ActiveCfg = Debug|Any CPU
		{30D26215-1EB0-40BB-9126-6305B389EA10}.Debug|Any CPU.Build.0 = Debug|Any CPU
		{30D26215-1EB0-40BB-9126-6305B389EA10}.Release|Any CPU.ActiveCfg = Release|Any CPU
		{30D26215-1EB0-40BB-9126-6305B389EA10}.Release|Any CPU.Build.0 = Release|Any CPU
	EndGlobalSection
EndGlobal
